
Microsoft Visual Studio Solution File, Format Version 12.00
# Visual Studio Version 16
VisualStudioVersion = 16.0.32002.261
MinimumVisualStudioVersion = 10.0.40219.1
Project("{FAE04EC0-301F-11D3-BF4B-00C04F79EFBC}") = "Study01", "Study01\Study01.csproj", "{54D94C0C-DC69-40F5-97D9-6376365EAB1B}"
EndProject
Global
	GlobalSection(SolutionConfigurationPlatforms) = preSolution
		Debug|Any CPU = Debug|Any CPU
		Release|Any CPU = Release|Any CPU
	EndGlobalSection
	GlobalSection(ProjectConfigurationPlatforms) = postSolution
		{54D94C0C-DC69-40F5-97D9-6376365EAB1B}.Debug|Any CPU.ActiveCfg = Debug|Any CPU
		{54D94C0C-DC69-40F5-97D9-6376365EAB1B}.Debug|Any CPU.Build.0 = Debug|Any CPU
		{54D94C0C-DC69-40F5-97D9-6376365EAB1B}.Release|Any CPU.ActiveCfg = Release|Any CPU
		{54D94C0C-DC69-40F5-97D9-6376365EAB1B}.Release|Any CPU.Build.0 = Release|Any CPU
	EndGlobalSection
	GlobalSection(SolutionProperties) = preSolution
		HideSolutionNode = FALSE
	EndGlobalSection
	GlobalSection(ExtensibilityGlobals) = postSolution
		SolutionGuid = {710D3EC9-AC0B-4495-A3C4-E305EC803F37}
	EndGlobalSection
EndGlobal
